PODS:
  - Bolts (1.8.4):
    - Bolts/AppLinks (= 1.8.4)
    - Bolts/Tasks (= 1.8.4)
  - Bolts/AppLinks (1.8.4):
    - Bolts/Tasks
  - Bolts/Tasks (1.8.4)
  - Crashlytics (3.8.5):
    - Fabric (~> 1.6.3)
  - Digits (3.0.2):
    - Fabric
    - TwitterCore
  - Fabric (1.6.12)
  - FBSDKCoreKit (4.26.0):
    - Bolts (~> 1.7)
  - FBSDKLoginKit (4.26.0):
    - FBSDKCoreKit
  - FBSDKShareKit (4.26.0):
    - FBSDKCoreKit
  - FFCircularProgressView (0.5)
  - FLAnimatedImage (1.0.12)
  - Flurry-iOS-SDK/FlurrySDK (8.2.0)
  - libextobjc/EXTKeyPathCoding (0.4.1):
    - libextobjc/RuntimeExtensions
  - libextobjc/EXTScope (0.4.1):
    - libextobjc/RuntimeExtensions
  - libextobjc/RuntimeExtensions (0.4.1)
  - MPGNotification (1.2.4)
  - NYTPhotoViewer (1.1.0):
    - NYTPhotoViewer/AnimatedGifSupport (= 1.1.0)
    - NYTPhotoViewer/Core (= 1.1.0)
  - NYTPhotoViewer/AnimatedGifSupport (1.1.0):
    - FLAnimatedImage (~> 1.0.8)
    - NYTPhotoViewer/Core
  - NYTPhotoViewer/Core (1.1.0)
  - QMCVDevelopment (0.5):
    - FFCircularProgressView
    - QMCVDevelopment/Categories (= 0.5)
    - QMCVDevelopment/Protocols (= 0.5)
    - QMCVDevelopment/QMChatDataSource (= 0.5)
    - QMCVDevelopment/QMChatLocationSnapshotter (= 0.5)
    - QMCVDevelopment/Sections (= 0.5)
    - QMCVDevelopment/Utils (= 0.5)
    - QMCVDevelopment/ViewModels (= 0.5)
    - QMCVDevelopment/Views (= 0.5)
    - SDWebImage (~> 4.0.0)
    - TTTAttributedLabel (> 1.13)
  - QMCVDevelopment/Categories (0.5):
    - FFCircularProgressView
    - QMCVDevelopment/QMChatLocationSnapshotter
    - SDWebImage (~> 4.0.0)
    - TTTAttributedLabel (> 1.13)
  - QMCVDevelopment/Protocols (0.5):
    - FFCircularProgressView
    - SDWebImage (~> 4.0.0)
    - TTTAttributedLabel (> 1.13)
  - QMCVDevelopment/QMChatDataSource (0.5):
    - FFCircularProgressView
    - SDWebImage (~> 4.0.0)
    - TTTAttributedLabel (> 1.13)
  - QMCVDevelopment/QMChatLocationSnapshotter (0.5):
    - FFCircularProgressView
    - SDWebImage (~> 4.0.0)
    - TTTAttributedLabel (> 1.13)
  - QMCVDevelopment/Sections (0.5):
    - FFCircularProgressView
    - QMCVDevelopment/QMChatDataSource
    - SDWebImage (~> 4.0.0)
    - TTTAttributedLabel (> 1.13)
  - QMCVDevelopment/Utils (0.5):
    - FFCircularProgressView
    - QMCVDevelopment/Categories
    - SDWebImage (~> 4.0.0)
    - TTTAttributedLabel (> 1.13)
  - QMCVDevelopment/ViewModels (0.5):
    - FFCircularProgressView
    - QMCVDevelopment/Categories
    - SDWebImage (~> 4.0.0)
    - TTTAttributedLabel (> 1.13)
  - QMCVDevelopment/Views (0.5):
    - FFCircularProgressView
    - QMCVDevelopment/Categories
    - QMCVDevelopment/Protocols
    - QMCVDevelopment/Utils
    - SDWebImage (~> 4.0.0)
    - TTTAttributedLabel (> 1.13)
  - QMServicesDevelopment (0.4.5):
    - Bolts (>= 1.5.0)
  - Reachability (3.2)
  - SDWebImage (4.0.0):
    - SDWebImage/Core (= 4.0.0)
  - SDWebImage/Core (4.0.0)
  - SSKeychain (1.2.3)
  - SVProgressHUD (1.1.3)
  - TTTAttributedLabel (2.0.0)
  - TwitterCore (2.8.0):
    - Fabric
  - UIDevice-Hardware (0.1.10)

DEPENDENCIES:
  - Crashlytics
  - Digits
  - Fabric
  - FBSDKCoreKit
  - FBSDKLoginKit
  - FBSDKShareKit
  - Flurry-iOS-SDK/FlurrySDK
  - libextobjc/EXTKeyPathCoding (~> 0.4.1)
  - libextobjc/EXTScope (~> 0.4.1)
  - MPGNotification (~> 1.2)
  - NYTPhotoViewer (~> 1.1.0)
  - QMCVDevelopment (from `git@github.com:QuickBlox/QMChatViewController-ios.git`, branch `development`)
  - QMServicesDevelopment (from `git@github.com:QuickBlox/q-municate-services-ios.git`, branch `development`)
  - Reachability (~> 3.2)
  - SDWebImage (~> 4.0.0)
  - SSKeychain (~> 1.2.2)
  - SVProgressHUD (~> 1.0)
  - TTTAttributedLabel (~> 2.0)
  - TwitterCore
  - UIDevice-Hardware (~> 0.1.3)

EXTERNAL SOURCES:
  QMCVDevelopment:
    :branch: development
    :git: git@github.com:QuickBlox/QMChatViewController-ios.git
  QMServicesDevelopment:
    :branch: development
    :git: git@github.com:QuickBlox/q-municate-services-ios.git

CHECKOUT OPTIONS:
  QMCVDevelopment:
    :commit: cd33bd47c4c8c1ad5f8f43a9970904452a4b9f92
    :git: git@github.com:QuickBlox/QMChatViewController-ios.git
  QMServicesDevelopment:
    :commit: 1a33a57fefcfc110eb3e43e71cc5194d016d7d33
    :git: git@github.com:QuickBlox/q-municate-services-ios.git

SPEC CHECKSUMS:
  Bolts: 8a7995239dbe724f9cba2248b766d48b7ebdd322
  Crashlytics: dfbae35ef22ca189240d230ad501feea4ee85d2d
  Digits: b081fcf5c6d281f5e42830b428412a3ef8fc6c68
  Fabric: f050464eac45a2ce5a8e6e6a07e977c0df32fe28
  FBSDKCoreKit: c8b8582311ec11b145451d8b9717dc6cc2ae5a76
  FBSDKLoginKit: f3f03b94c21eb834af243c0a881d48641f47ca60
  FBSDKShareKit: 320712d8293fde6392872c91eb80ef0da5d73cc3
  FFCircularProgressView: 683a4ab1e1bd613246a3dffa61503ffdebcde8d8
  FLAnimatedImage: 4a0b56255d9b05f18b6dd7ee06871be5d3b89e31
  Flurry-iOS-SDK: 5907f4767bbe538ced4d39f1268096730193b471
  libextobjc: a650fc1bf489a3d3a9bc2e621efa3e1006fc5471
  MPGNotification: f0e3924087afa9b3eccd5ce624e03965ae31ae61
  NYTPhotoViewer: e80e8767f3780d2df37c6f72cbab15d6c7232911
  QMCVDevelopment: 06e12ea9060e58fea15b9251962bd96d9a3e1092
  QMServicesDevelopment: 8baac4019ec14532850c4437814f49fc9ba12b55
  Reachability: 33e18b67625424e47b6cde6d202dce689ad7af96
  SDWebImage: 76a6348bdc74eb5a55dd08a091ef298e56b55e41
  SSKeychain: 3f42991739c6c60a9cf1bbd4dff6c0d3694bcf3d
  SVProgressHUD: 748080e4f36e603f6c02aec292664239df5279c1
  TTTAttributedLabel: 8cffe8e127e4e82ff3af1e5386d4cd0ad000b656
  TwitterCore: e959987be23c767004d29eb7fab8d85d8585a2e5
  UIDevice-Hardware: 4bb15b9bd9878762ab879ac86185baad17b6c3ff

PODFILE CHECKSUM: af67cbd184582ea664a3c116cf6e9fd25c724d1f

COCOAPODS: 1.2.0
