PODS:
  - Bolts (1.8.4):
    - Bolts/AppLinks (= 1.8.4)
    - Bolts/Tasks (= 1.8.4)
  - Bolts/AppLinks (1.8.4):
    - Bolts/Tasks
  - Bolts/Tasks (1.8.4)
  - Crashlytics (3.8.3):
    - Fabric (~> 1.6.3)
  - Digits (1.15.3):
    - TwitterCore (= 1.15.3)
  - Fabric (1.6.11)
  - FBSDKCoreKit (4.11.0):
    - Bolts (~> 1.7)
  - FBSDKLoginKit (4.11.0):
    - FBSDKCoreKit
  - FBSDKShareKit (4.11.0):
    - FBSDKCoreKit
  - FLAnimatedImage (1.0.12)
  - Flurry-iOS-SDK/FlurrySDK (7.8.2)
  - libextobjc/EXTKeyPathCoding (0.4.1):
    - libextobjc/RuntimeExtensions
  - libextobjc/EXTScope (0.4.1):
    - libextobjc/RuntimeExtensions
  - libextobjc/RuntimeExtensions (0.4.1)
  - MPGNotification (1.2.4)
  - NYTPhotoViewer (1.1.0):
    - NYTPhotoViewer/AnimatedGifSupport (= 1.1.0)
    - NYTPhotoViewer/Core (= 1.1.0)
  - NYTPhotoViewer/AnimatedGifSupport (1.1.0):
    - FLAnimatedImage (~> 1.0.8)
    - NYTPhotoViewer/Core
  - NYTPhotoViewer/Core (1.1.0)
  - QMCVDevelopment (0.4):
    - QMCVDevelopment/Categories (= 0.4)
    - QMCVDevelopment/Protocols (= 0.4)
    - QMCVDevelopment/QMChatDataSource (= 0.4)
    - QMCVDevelopment/QMChatSection (= 0.4)
    - QMCVDevelopment/Utils (= 0.4)
    - QMCVDevelopment/Views (= 0.4)
    - SDWebImage (~> 3.6)
    - TTTAttributedLabel (> 1.13)
  - QMCVDevelopment/Categories (0.4):
    - QMCVDevelopment/Utils
    - SDWebImage (~> 3.6)
    - TTTAttributedLabel (> 1.13)
  - QMCVDevelopment/Protocols (0.4):
    - SDWebImage (~> 3.6)
    - TTTAttributedLabel (> 1.13)
  - QMCVDevelopment/QMChatDataSource (0.4):
    - SDWebImage (~> 3.6)
    - TTTAttributedLabel (> 1.13)
  - QMCVDevelopment/QMChatSection (0.4):
    - SDWebImage (~> 3.6)
    - TTTAttributedLabel (> 1.13)
  - QMCVDevelopment/Utils (0.4):
    - SDWebImage (~> 3.6)
    - TTTAttributedLabel (> 1.13)
  - QMCVDevelopment/Views (0.4):
    - QMCVDevelopment/Categories
    - QMCVDevelopment/Protocols
    - SDWebImage (~> 3.6)
    - TTTAttributedLabel (> 1.13)
  - QMServicesDevelopment (0.4.5):
    - Bolts (>= 1.5.0)
  - QuickBlox-static (2.9)
  - Reachability (3.2)
  - SDWebImage (3.8.2):
    - SDWebImage/Core (= 3.8.2)
  - SDWebImage/Core (3.8.2)
  - SSKeychain (1.2.3)
  - SVProgressHUD (1.1.3)
  - TTTAttributedLabel (2.0.0)
  - TwitterCore (1.15.3):
    - Fabric
  - UIDevice-Hardware (0.1.8)

DEPENDENCIES:
  - Crashlytics (~> 3.5)
  - Digits (~> 1.15)
  - Fabric (~> 1.6)
  - FBSDKCoreKit (~> 4.11.0)
  - FBSDKLoginKit (~> 4.11.0)
  - FBSDKShareKit (~> 4.11.0)
  - Flurry-iOS-SDK/FlurrySDK
  - libextobjc/EXTKeyPathCoding (~> 0.4.1)
  - libextobjc/EXTScope (~> 0.4.1)
  - MPGNotification (~> 1.2)
  - NYTPhotoViewer (~> 1.1.0)
  - QMCVDevelopment (from `git@github.com:QuickBlox/QMChatViewController-ios.git`, commit `e74d174a2a8fe3a411c23747216a43c86384562f`)
  - QMServicesDevelopment (from `../q-municate-services-ios/`)
  - QuickBlox-static
  - Reachability (~> 3.2)
  - SDWebImage (~> 3.6)
  - SSKeychain (~> 1.2.2)
  - SVProgressHUD (~> 1.0)
  - TTTAttributedLabel (~> 2.0)
  - TwitterCore (~> 1.15)
  - UIDevice-Hardware (~> 0.1.3)

EXTERNAL SOURCES:
  QMCVDevelopment:
    :commit: e74d174a2a8fe3a411c23747216a43c86384562f
    :git: git@github.com:QuickBlox/QMChatViewController-ios.git
  QMServicesDevelopment:
    :path: ../q-municate-services-ios/

CHECKOUT OPTIONS:
  QMCVDevelopment:
    :commit: e74d174a2a8fe3a411c23747216a43c86384562f
    :git: git@github.com:QuickBlox/QMChatViewController-ios.git

SPEC CHECKSUMS:
  Bolts: 8a7995239dbe724f9cba2248b766d48b7ebdd322
  Crashlytics: 2b6dbe138a42395577cfa73dfa1aa7248cadf39e
  Digits: 9823f8aad766c0aa824fac9b08938e22bc635fac
  Fabric: 5911403591946b8228ab1c51d98f1d7137e863c6
  FBSDKCoreKit: 686ac982723a14ec9ddb85e2f81235d7706c891b
  FBSDKLoginKit: bade9fc78277764149ccc5bfaadbf13c83175c6a
  FBSDKShareKit: 2d1746144cfc8a9dbbd24997c34ee0471be51b6a
  FLAnimatedImage: 4a0b56255d9b05f18b6dd7ee06871be5d3b89e31
  Flurry-iOS-SDK: 8ed76252016d0162a893363c108a010ab97d424c
  libextobjc: a650fc1bf489a3d3a9bc2e621efa3e1006fc5471
  MPGNotification: f0e3924087afa9b3eccd5ce624e03965ae31ae61
  NYTPhotoViewer: e80e8767f3780d2df37c6f72cbab15d6c7232911
  QMCVDevelopment: 212a2a5db8fc22a992daab126289e6a58baf1f75
  QMServicesDevelopment: 8cb68aafe07046e9d36f74fd04b5e5aa1642b182
  QuickBlox-static: 4e2ce0eeeeccf5d683c719038b477a9b2ac20965
  Reachability: 33e18b67625424e47b6cde6d202dce689ad7af96
  SDWebImage: 098e97e6176540799c27e804c96653ee0833d13c
  SSKeychain: 3f42991739c6c60a9cf1bbd4dff6c0d3694bcf3d
  SVProgressHUD: 748080e4f36e603f6c02aec292664239df5279c1
  TTTAttributedLabel: 8cffe8e127e4e82ff3af1e5386d4cd0ad000b656
  TwitterCore: cce24b3c798993ccde72787ea79ea9a478b284e4
  UIDevice-Hardware: ecb52d9a7b223b31f81982358e2b0769ac1a7918

PODFILE CHECKSUM: 30ce4cdf04dbcd3551ea320b4ba8988ebf4a1f39

COCOAPODS: 1.1.1
