PODS:
  - AsyncImageView (1.5.1)
  - FPPopover (1.4.1)
  - MBProgressHUD (0.8)
  - Reachability (3.1.1)
  - TWMessageBarManager (1.6.0)
  - UIDevice-Hardware (0.1.3)

DEPENDENCIES:
  - AsyncImageView
  - FPPopover
  - MBProgressHUD
  - Reachability
  - TWMessageBarManager
  - UIDevice-Hardware

SPEC CHECKSUMS:
  AsyncImageView: 388442ae8314a5c99de0d98040c2926826d31da7
  FPPopover: bbfc452ec8949a2c2f555cf2d8c7236e621811f0
  MBProgressHUD: c356980b0cd097f19acec959b49dca5eb8ec31be
  Reachability: 8e9635e3cb4f98e7f825e51147f677ecc694d0e7
  TWMessageBarManager: 483963f4a300e31cbd8936378d4a255e6db5b6b3
  UIDevice-Hardware: b1c37dbeee3a5279ac15fbba070b8de556496b67

COCOAPODS: 0.33.1
